<?xml version="1.0" encoding="utf-8"?>
<Project xmlns="http://schemas.microsoft.com/developer/msbuild/2003" ToolsVersion="4.0">
  <ItemGroup>
    <Filter Include="Header Files">
      <UniqueIdentifier>{4D1BFFCC-9CEB-4ABF-A951-582870FE71FD}</UniqueIdentifier>
      <Extensions>h;hpp;hxx;hm;inl;inc;xsd</Extensions>
    </Filter>
    <Filter Include="Header Files\TouchGFX">
      <UniqueIdentifier>{29C60541-803D-4F43-8683-028D9DA5E0CB}</UniqueIdentifier>
    </Filter>
    <Filter Include="Header Files\TouchGFX\common">
      <UniqueIdentifier>{AF2BF67C-89EC-4545-B0D2-5BD6803628D4}</UniqueIdentifier>
    </Filter>
    <Filter Include="Header Files\TouchGFX\mvp">
      <UniqueIdentifier>{A8F51E02-A400-49F1-AC86-371872A7E5E6}</UniqueIdentifier>
    </Filter>
    <Filter Include="Header Files\TouchGFX\platform">
      <UniqueIdentifier>{493CF637-721C-4516-8638-3EE4790FB455}</UniqueIdentifier>
    </Filter>
    <Filter Include="Header Files\TouchGFX\touchgfx">
      <UniqueIdentifier>{7187028B-6482-4EB3-8556-EECD38E0636B}</UniqueIdentifier>
    </Filter>
    <Filter Include="Header Files\TouchGFX\platform\driver">
      <UniqueIdentifier>{D2E6B448-6B79-434F-A8EB-C8F8415957E9}</UniqueIdentifier>
    </Filter>
    <Filter Include="Header Files\TouchGFX\platform\hal">
      <UniqueIdentifier>{07737357-9365-4A8F-B2F6-908B5FC4E808}</UniqueIdentifier>
    </Filter>
    <Filter Include="Header Files\TouchGFX\touchgfx\canvas_widget_renderer">
      <UniqueIdentifier>{085B248B-6BE1-4BF8-9913-35526BAEE4C7}</UniqueIdentifier>
    </Filter>
    <Filter Include="Header Files\TouchGFX\touchgfx\containers">
      <UniqueIdentifier>{E08C6B18-2F0E-4861-87D5-80FB0411017E}</UniqueIdentifier>
    </Filter>
    <Filter Include="Header Files\TouchGFX\touchgfx\events">
      <UniqueIdentifier>{29D72404-E5CB-472C-B00F-3784DF3CCD1E}</UniqueIdentifier>
    </Filter>
    <Filter Include="Header Files\TouchGFX\touchgfx\hal">
      <UniqueIdentifier>{09561B72-532B-45EB-8E32-CAA31C349F83}</UniqueIdentifier>
    </Filter>
    <Filter Include="Header Files\TouchGFX\touchgfx\lcd">
      <UniqueIdentifier>{A89B6308-CBC1-48EC-BF14-B3C6106FACCE}</UniqueIdentifier>
    </Filter>
    <Filter Include="Header Files\TouchGFX\touchgfx\mixins">
      <UniqueIdentifier>{DB82A963-BE52-4494-BD5E-358C5E79C081}</UniqueIdentifier>
    </Filter>
    <Filter Include="Header Files\TouchGFX\touchgfx\transforms">
      <UniqueIdentifier>{509E01BB-FBF4-4198-B748-936C1B67839A}</UniqueIdentifier>
    </Filter>
    <Filter Include="Header Files\TouchGFX\touchgfx\transitions">
      <UniqueIdentifier>{3F023E56-225A-4D4C-9D20-74447A23BAD9}</UniqueIdentifier>
    </Filter>
    <Filter Include="Header Files\TouchGFX\touchgfx\widgets">
      <UniqueIdentifier>{0E9A8FD3-B71B-46B9-B1F6-3A18292FFAC4}</UniqueIdentifier>
    </Filter>
    <Filter Include="Header Files\TouchGFX\platform\driver\lcd">
      <UniqueIdentifier>{9B32A742-EBA9-4EBA-832E-0421D7E68BC5}</UniqueIdentifier>
    </Filter>
    <Filter Include="Header Files\TouchGFX\platform\driver\touch">
      <UniqueIdentifier>{8C31441B-2191-4B32-869D-7B253AECB28F}</UniqueIdentifier>
    </Filter>
    <Filter Include="Header Files\TouchGFX\platform\hal\simulator">
      <UniqueIdentifier>{464CC9FB-AFF6-4FFA-B4D8-BCAC4B2B8898}</UniqueIdentifier>
    </Filter>
    <Filter Include="Header Files\TouchGFX\touchgfx\containers\clock">
      <UniqueIdentifier>{B7237C13-DD69-4F78-8446-9A554431E3F8}</UniqueIdentifier>
    </Filter>
    <Filter Include="Header Files\TouchGFX\touchgfx\containers\progress_indicators">
      <UniqueIdentifier>{5E0E884F-0059-4306-94BA-3197219750E3}</UniqueIdentifier>
    </Filter>
    <Filter Include="Header Files\TouchGFX\touchgfx\widgets\canvas">
      <UniqueIdentifier>{DBFF640A-BD63-40BC-A0A5-2468BC461037}</UniqueIdentifier>
    </Filter>
    <Filter Include="Header Files\TouchGFX\platform\hal\simulator\sdl2">
      <UniqueIdentifier>{EA3962C0-553C-4CFD-A89B-A116A9493818}</UniqueIdentifier>
    </Filter>
    <Filter Include="Header Files\generated">
      <UniqueIdentifier>{29C60541-803D-4F44-8783-028D9DA5E0CC}</UniqueIdentifier>
    </Filter>
    <Filter Include="Header Files\generated\simulator">
      <UniqueIdentifier>{29C60541-803D-4F43-8683-028D9DA5E0CC}</UniqueIdentifier>
    </Filter>
    <Filter Include="Resource Files">
      <UniqueIdentifier>{92BBFF14-FBDB-4755-BA47-A830D863D92B}</UniqueIdentifier>
      <Extensions>rc;ico;cur;bmp;dlg;rc2;rct;bin;rgs;gif;jpg;jpeg;jpe;resx;tiff;tif;ttf;otf;bdf;png;wav;xml;props;mfcribbon-ms</Extensions>
    </Filter>
    <Filter Include="Resource Files\assets">
      <UniqueIdentifier>{AF899B0F-78BE-47F9-A912-E92CB9156E40}</UniqueIdentifier>
    </Filter>
    <Filter Include="Resource Files\config">
      <UniqueIdentifier>{29E8A9F8-6504-4625-AB47-671A3F665E51}</UniqueIdentifier>
    </Filter>
    <Filter Include="Resource Files\assets\texts">
      <UniqueIdentifier>{382278FD-2B19-4E89-AE4F-24AF77E7A270}</UniqueIdentifier>
    </Filter>
    <Filter Include="Resource Files\config\msvs">
      <UniqueIdentifier>{C24EAEDB-9A3F-43DC-87FB-C7AC2729A078}</UniqueIdentifier>
    </Filter>
    <Filter Include="Source Files">
      <UniqueIdentifier>{2F3FC0AA-97C4-4366-9939-94A0FF4E028C}</UniqueIdentifier>
      <Extensions>cpp;c;cc;cxx;def;odl;idl;hpj;bat;asm;asmx</Extensions>
    </Filter>
    <Filter Include="Source Files\TouchGFX">
      <UniqueIdentifier>{C07B02A9-A55E-47AA-AD61-59A6AAD754E6}</UniqueIdentifier>
    </Filter>
    <Filter Include="Source Files\TouchGFX\platform">
      <UniqueIdentifier>{33EDC2DB-AF72-480C-92E5-2A2833BCAB6F}</UniqueIdentifier>
    </Filter>
    <Filter Include="Source Files\TouchGFX\platform\driver">
      <UniqueIdentifier>{1D8EFD90-430A-4539-9080-16A38861D20A}</UniqueIdentifier>
    </Filter>
    <Filter Include="Source Files\TouchGFX\platform\hal">
      <UniqueIdentifier>{E8DECBF2-0C8E-4397-8603-3101D6F922D6}</UniqueIdentifier>
    </Filter>
    <Filter Include="Source Files\TouchGFX\platform\driver\touch">
      <UniqueIdentifier>{40F0D55D-79D9-488A-AF83-ADC96179EADF}</UniqueIdentifier>
    </Filter>
    <Filter Include="Source Files\TouchGFX\platform\hal\simulator">
      <UniqueIdentifier>{3FB50DD5-31DA-4042-B7FD-2151C58CDA80}</UniqueIdentifier>
    </Filter>
    <Filter Include="Source Files\TouchGFX\platform\hal\simulator\sdl2">
      <UniqueIdentifier>{B48CB42B-0F9E-4815-BFE1-1ACC1150ED8A}</UniqueIdentifier>
    </Filter>
    <Filter Include="Source Files\simulator">
      <UniqueIdentifier>{C07B03A9-A55E-47AA-AD61-59A6AAD754E6}</UniqueIdentifier>
    </Filter>
    <Filter Include="Source Files\generated">
      <UniqueIdentifier>{C07B02B9-A55E-47AB-AD61-59A6AAD754E6}</UniqueIdentifier>
    </Filter>
    <Filter Include="Source Files\generated\simulator">
      <UniqueIdentifier>{C07B02B9-A55E-47AA-AD61-59A6AAD754E6}</UniqueIdentifier>
    </Filter>
    <Filter Include="Header Files\gui">
      <UniqueIdentifier>6BAE0580-6434-7DFF-D5CF-5605187339D0</UniqueIdentifier>
    </Filter>
    <Filter Include="Source Files\gui">
      <UniqueIdentifier>AABA552A-631C-0F20-107D-2C3D3638BADC</UniqueIdentifier>
    </Filter>
    <Filter Include="Source Files\generated\gui_generated">
      <UniqueIdentifier>4FFE8072-7F52-3C95-0A3D-7418CB100031</UniqueIdentifier>
    </Filter>
    <Filter Include="Header Files\generated\gui_generated">
      <UniqueIdentifier>1A8D2546-FC03-2CA0-B332-CF6D3F0BC3EC</UniqueIdentifier>
    </Filter>
    <Filter Include="Header Files\gui\model">
      <UniqueIdentifier>9FBCB835-44A9-14E6-000B-F2CC14C3C2FD</UniqueIdentifier>
    </Filter>
    <Filter Include="Header Files\gui\common">
      <UniqueIdentifier>7CB12C55-F0E7-6F0E-3DBD-E80D69F72F21</UniqueIdentifier>
    </Filter>
    <Filter Include="Source Files\gui\model">
      <UniqueIdentifier>75590B18-2C13-051F-443B-1DDCE054A70A</UniqueIdentifier>
    </Filter>
    <Filter Include="Source Files\gui\common">
      <UniqueIdentifier>CE407291-E35E-A327-16DA-EBF9023A349D</UniqueIdentifier>
    </Filter>
    <Filter Include="Source Files\generated\gui_generated\common">
      <UniqueIdentifier>FF9D2761-D346-97AA-9B60-BD1BB9FFD01C</UniqueIdentifier>
    </Filter>
    <Filter Include="Header Files\generated\simulator\include">
      <UniqueIdentifier>19DEA12D-B12A-31F1-A946-AB1A0AFDE48A</UniqueIdentifier>
    </Filter>
    <Filter Include="Header Files\generated\gui_generated\common">
      <UniqueIdentifier>69FC98BC-8E41-FB24-B32C-F5536C9EBF85</UniqueIdentifier>
    </Filter>
    <Filter Include="Source Files\generated\simulator\video">
      <UniqueIdentifier>E7C54A67-27FE-4146-2BC7-B0FD2A81CD7C</UniqueIdentifier>
    </Filter>
    <Filter Include="Header Files\generated\simulator\include\simulator">
      <UniqueIdentifier>73FD55CE-B9D4-C21A-33E2-364C8A72A9D3</UniqueIdentifier>
    </Filter>
    <Filter Include="Header Files\generated\simulator\include\simulator\video">
      <UniqueIdentifier>339E60F0-511C-23D9-126A-B4FF124EA271</UniqueIdentifier>
    </Filter>
    <Filter Include="Header Files\gui\home_screen">
      <UniqueIdentifier>69F30B15-B9D4-4635-E4E1-5832B28D25BA</UniqueIdentifier>
    </Filter>
    <Filter Include="Source Files\gui\home_screen">
      <UniqueIdentifier>FFC110FA-2FC8-DFD4-1F92-56D6C024963E</UniqueIdentifier>
    </Filter>
    <Filter Include="Header Files\generated\gui_generated\home_screen">
      <UniqueIdentifier>5BB30C33-AF33-73D7-812E-A7D5290177C4</UniqueIdentifier>
    </Filter>
    <Filter Include="Source Files\generated\gui_generated\home_screen">
      <UniqueIdentifier>7837180A-3914-99F2-9D93-A923458FEEB6</UniqueIdentifier>
    </Filter>
    <Filter Include="Header Files\gui\containers">
      <UniqueIdentifier>B7C605EC-D7B8-56A7-BD5D-87E87B5D3CB7</UniqueIdentifier>
    </Filter>
    <Filter Include="Source Files\gui\containers">
      <UniqueIdentifier>C06252FE-E50B-4ADD-AD23-A65951490216</UniqueIdentifier>
    </Filter>
    <Filter Include="Source Files\generated\gui_generated\containers">
      <UniqueIdentifier>CDFCDCB8-A252-99D9-9128-B6F85F1188C4</UniqueIdentifier>
    </Filter>
    <Filter Include="Header Files\generated\gui_generated\containers">
      <UniqueIdentifier>03C75160-FD2C-EE35-0A0D-E767B5525A3C</UniqueIdentifier>
    </Filter>
    <Filter Include="Header Files\gui\tip_1_screen">
      <UniqueIdentifier>70E064DE-05A0-7090-F736-2C58E4373898</UniqueIdentifier>
    </Filter>
    <Filter Include="Source Files\gui\tip_1_screen">
      <UniqueIdentifier>66BFB8DA-1A16-0232-31D2-8948937DDBAE</UniqueIdentifier>
    </Filter>
    <Filter Include="Source Files\generated\gui_generated\tip_1_screen">
      <UniqueIdentifier>40B1FB80-2294-CD8A-A630-248DF8BB7396</UniqueIdentifier>
    </Filter>
    <Filter Include="Header Files\generated\gui_generated\tip_1_screen">
      <UniqueIdentifier>269081DF-C761-8CFB-9051-C38644C6E8AD</UniqueIdentifier>
    </Filter>
    <Filter Include="Header Files\gui\manual_screen">
      <UniqueIdentifier>74464D8B-F3D5-3875-7127-5ECA4661AC9D</UniqueIdentifier>
    </Filter>
    <Filter Include="Source Files\gui\manual_screen">
      <UniqueIdentifier>D11D0C27-B7E5-9C64-8F32-929D39FC2351</UniqueIdentifier>
    </Filter>
    <Filter Include="Header Files\generated\gui_generated\manual_screen">
      <UniqueIdentifier>1471F2E0-88D8-87C6-08FD-82D09BEB6130</UniqueIdentifier>
    </Filter>
    <Filter Include="Source Files\generated\gui_generated\manual_screen">
      <UniqueIdentifier>4B3E8FAA-DD3B-6DDA-EC62-AC621FA2AAD1</UniqueIdentifier>
    </Filter>
    <Filter Include="Source Files\gui\monitor_screen">
      <UniqueIdentifier>907B7700-8F5E-78A7-13D7-29215B46028B</UniqueIdentifier>
    </Filter>
    <Filter Include="Header Files\gui\monitor_screen">
      <UniqueIdentifier>906AB1B3-088A-2A6A-3F16-37C721322AA2</UniqueIdentifier>
    </Filter>
    <Filter Include="Source Files\gui\settings_screen">
      <UniqueIdentifier>3C918AFE-39F7-10FD-FC46-5EBDC0199C10</UniqueIdentifier>
    </Filter>
    <Filter Include="Header Files\gui\alarm_history_screen">
      <UniqueIdentifier>0586DAB8-ABD9-3746-4F7A-EAD64E1A607F</UniqueIdentifier>
    </Filter>
    <Filter Include="Header Files\gui\settings_screen">
      <UniqueIdentifier>959DB457-E44A-7BB2-BE83-1D88B5FEFE84</UniqueIdentifier>
    </Filter>
    <Filter Include="Source Files\gui\alarm_history_screen">
      <UniqueIdentifier>59897037-CE21-7AE7-F842-D57A897CEEEF</UniqueIdentifier>
    </Filter>
    <Filter Include="Header Files\generated\gui_generated\settings_screen">
      <UniqueIdentifier>31E49041-920D-F316-9B68-E4B87628DAAD</UniqueIdentifier>
    </Filter>
    <Filter Include="Source Files\generated\gui_generated\settings_screen">
      <UniqueIdentifier>25C5557B-7A9E-D417-2096-C540EEAC4330</UniqueIdentifier>
    </Filter>
    <Filter Include="Header Files\generated\gui_generated\monitor_screen">
      <UniqueIdentifier>CAC4C9F9-0117-F1BA-44AA-9EF2E5D5DDCB</UniqueIdentifier>
    </Filter>
    <Filter Include="Source Files\generated\gui_generated\alarm_history_screen">
      <UniqueIdentifier>634C57AB-7FEA-4FCC-D48B-CF22ED4E7F17</UniqueIdentifier>
    </Filter>
    <Filter Include="Header Files\generated\gui_generated\alarm_history_screen">
      <UniqueIdentifier>6B458777-2C0E-BB2A-09DD-7DB7C6578362</UniqueIdentifier>
    </Filter>
    <Filter Include="Source Files\generated\gui_generated\monitor_screen">
      <UniqueIdentifier>604654C0-4AFE-3135-203F-18995430A2D7</UniqueIdentifier>
    </Filter>
    <Filter Include="Header Files\gui\tip_2_screen">
      <UniqueIdentifier>184645E9-4F75-A5B5-CCF1-646C328AED68</UniqueIdentifier>
    </Filter>
    <Filter Include="Source Files\gui\tip_2_screen">
      <UniqueIdentifier>5F47F2F3-3A56-8296-21AB-09C45BB90437</UniqueIdentifier>
    </Filter>
    <Filter Include="Source Files\generated\gui_generated\tip_2_screen">
      <UniqueIdentifier>95BCB3AE-8BB6-10AD-777E-BA2493A736E3</UniqueIdentifier>
    </Filter>
    <Filter Include="Header Files\generated\gui_generated\tip_2_screen">
      <UniqueIdentifier>468126E2-9FE3-33C1-B53C-4C54A091E34D</UniqueIdentifier>
    </Filter>
    <Filter Include="Source Files\gui\tip_3_screen">
      <UniqueIdentifier>78599946-D846-3BB3-4218-C0D439175C32</UniqueIdentifier>
    </Filter>
    <Filter Include="Header Files\gui\tip_3_screen">
      <UniqueIdentifier>F4F82BC1-B4D2-001F-5E8E-150E8BC9C2D0</UniqueIdentifier>
    </Filter>
    <Filter Include="Header Files\generated\gui_generated\tip_3_screen">
      <UniqueIdentifier>7AD4712B-09C3-0ADB-D9C7-E5EBB74EE6C0</UniqueIdentifier>
    </Filter>
    <Filter Include="Source Files\generated\gui_generated\tip_3_screen">
      <UniqueIdentifier>A5D9A89E-4E75-9F18-9F27-5752D61C4847</UniqueIdentifier>
    </Filter>
    <Filter Include="Source Files\gui\test_press_screen">
      <UniqueIdentifier>13D71634-FB3D-DB9D-CC9B-DBFED33EC2AC</UniqueIdentifier>
    </Filter>
    <Filter Include="Header Files\gui\test_press_screen">
      <UniqueIdentifier>4D35C6AE-C321-A92F-C402-65F391D15CED</UniqueIdentifier>
    </Filter>
    <Filter Include="Header Files\generated\gui_generated\test_press_screen">
      <UniqueIdentifier>36071F7A-D956-B37D-D4FF-F885C4A7C3E1</UniqueIdentifier>
    </Filter>
    <Filter Include="Source Files\generated\gui_generated\test_press_screen">
      <UniqueIdentifier>D05281F2-2E3A-E193-38F9-DB3EE30A7255</UniqueIdentifier>
    </Filter>
    <Filter Include="Header Files\gui\settings_work_position_screen">
      <UniqueIdentifier>1B38089F-1C21-74F6-D995-64DE2D64AC89</UniqueIdentifier>
    </Filter>
    <Filter Include="Source Files\gui\settings_work_position_screen">
      <UniqueIdentifier>115C92ED-9FBF-1DA8-20EF-0DD2449E4970</UniqueIdentifier>
    </Filter>
    <Filter Include="Header Files\gui\settings_menu_screen">
      <UniqueIdentifier>5C64A15A-894F-F20D-62BF-B012176E831D</UniqueIdentifier>
    </Filter>
    <Filter Include="Source Files\gui\settings_menu_screen">
      <UniqueIdentifier>B511CDDE-27A6-7FFB-9537-8DED2B12B413</UniqueIdentifier>
    </Filter>
    <Filter Include="Header Files\gui\settings_cooling_time_screen">
      <UniqueIdentifier>FEF2487B-8E28-BFE6-CAF5-37BFB0E7831C</UniqueIdentifier>
    </Filter>
    <Filter Include="Source Files\gui\settings_cooling_time_screen">
      <UniqueIdentifier>983558A9-AD60-69DA-B1A2-2A8501A12555</UniqueIdentifier>
    </Filter>
    <Filter Include="Header Files\generated\gui_generated\settings_work_position_screen">
      <UniqueIdentifier>94918B4B-7A14-40F3-BA08-22E1468D4F93</UniqueIdentifier>
    </Filter>
    <Filter Include="Source Files\generated\gui_generated\settings_work_position_screen">
      <UniqueIdentifier>961D472F-82F8-2DDF-2ADC-CF1B7F44B352</UniqueIdentifier>
    </Filter>
    <Filter Include="Header Files\generated\gui_generated\settings_menu_screen">
      <UniqueIdentifier>05D8FCCF-C15E-A3A7-DEF3-A4C5B1C781A1</UniqueIdentifier>
    </Filter>
    <Filter Include="Source Files\generated\gui_generated\settings_menu_screen">
      <UniqueIdentifier>2843A03E-163F-D4E7-CB58-A0D400CDD5A6</UniqueIdentifier>
    </Filter>
    <Filter Include="Source Files\generated\gui_generated\settings_cooling_time_screen">
      <UniqueIdentifier>14D30F28-DB2B-F279-F780-74E64B5D28C4</UniqueIdentifier>
    </Filter>
    <Filter Include="Header Files\generated\gui_generated\settings_cooling_time_screen">
      <UniqueIdentifier>AFD300D4-B45B-81F0-AEB3-1E99DC2DDBB1</UniqueIdentifier>
    </Filter>
    <Filter Include="Header Files\gui\settings_global_screen">
      <UniqueIdentifier>BA650EF2-2D55-649E-CF3D-166F1F5F4FD3</UniqueIdentifier>
    </Filter>
    <Filter Include="Source Files\gui\settings_global_screen">
      <UniqueIdentifier>BF000F65-63A8-CDA9-4F2A-F582DCF1573E</UniqueIdentifier>
    </Filter>
    <Filter Include="Header Files\generated\gui_generated\settings_global_screen">
      <UniqueIdentifier>4DC61406-937D-209B-1B13-9AB7A1070840</UniqueIdentifier>
    </Filter>
    <Filter Include="Source Files\generated\gui_generated\settings_global_screen">
      <UniqueIdentifier>85EA8D28-5C42-99D2-9143-24FA9AB47A79</UniqueIdentifier>
    </Filter>
    <Filter Include="Header Files\gui\tip_4_screen">
      <UniqueIdentifier>B600C803-4E58-1688-D941-5768721092F0</UniqueIdentifier>
    </Filter>
    <Filter Include="Source Files\gui\tip_4_screen">
      <UniqueIdentifier>C015049A-BF79-7B76-7094-30F2D83341BE</UniqueIdentifier>
    </Filter>
    <Filter Include="Source Files\generated\gui_generated\tip_4_screen">
      <UniqueIdentifier>9445AA87-1CDD-B7FA-EE3B-F4E6BD9D795D</UniqueIdentifier>
    </Filter>
    <Filter Include="Header Files\generated\gui_generated\tip_4_screen">
      <UniqueIdentifier>60A800DE-6D62-3993-7C52-2FC68A90CE8E</UniqueIdentifier>
    </Filter>
    <Filter Include="Header Files\gui\offsets_screen">
      <UniqueIdentifier>EE1F2C90-6190-DBE2-8286-EF3EBDE7A980</UniqueIdentifier>
    </Filter>
    <Filter Include="Source Files\gui\offsets_screen">
      <UniqueIdentifier>CA5934AB-F8BB-0429-0CDB-8B1038EE7C5D</UniqueIdentifier>
    </Filter>
    <Filter Include="Source Files\generated\gui_generated\offsets_screen">
      <UniqueIdentifier>0B948517-07E4-F546-B29C-D18FF6990CAD</UniqueIdentifier>
    </Filter>
    <Filter Include="Header Files\generated\gui_generated\offsets_screen">
      <UniqueIdentifier>5ECB568E-6D93-EE87-590B-818B3D9AF810</UniqueIdentifier>
    </Filter>
  </ItemGroup>
  <ItemGroup>
    <ClCompile Include="$(TouchGFXReleasePath)\framework\source\platform\driver\touch\SDL2TouchController.cpp">
      <Filter>Source Files\TouchGFX\platform\driver\touch</Filter>
    </ClCompile>
    <ClCompile Include="$(TouchGFXReleasePath)\framework\source\platform\hal\simulator\sdl2\HALSDL2.cpp">
      <Filter>Source Files\TouchGFX\platform\hal\simulator\sdl2</Filter>
    </ClCompile>
    <ClCompile Include="$(TouchGFXReleasePath)\framework\source\platform\hal\simulator\sdl2\HALSDL2_icon.cpp">
      <Filter>Source Files\TouchGFX\platform\hal\simulator\sdl2</Filter>
    </ClCompile>
    <ClCompile Include="$(TouchGFXReleasePath)\framework\source\platform\hal\simulator\sdl2\OSWrappers.cpp">
      <Filter>Source Files\TouchGFX\platform\hal\simulator\sdl2</Filter>
    </ClCompile>
    <ClCompile Include="$(ApplicationRoot)\simulator\main.cpp">
      <Filter>Source Files\simulator</Filter>
    </ClCompile>
    <ClCompile Include="$(ApplicationRoot)\generated\simulator\src\mainBase.cpp">
      <Filter>Source Files\generated\simulator</Filter>
    </ClCompile>
    <ClCompile Include="..\..\gui\src\common\FrontendApplication.cpp">
      <Filter>Source Files\gui\common</Filter>
    </ClCompile>
    <ClCompile Include="..\..\generated\gui_generated\src\common\FrontendApplicationBase.cpp">
      <Filter>Source Files\generated\gui_generated\common</Filter>
    </ClCompile>
    <ClCompile Include="..\..\gui\src\model\Model.cpp">
      <Filter>Source Files\gui\model</Filter>
    </ClCompile>
    <ClCompile Include="..\..\generated\simulator\src\video\SoftwareMJPEGDecoder.cpp">
      <Filter>Source Files\generated\simulator\video</Filter>
    </ClCompile>
    <ClCompile Include="..\..\gui\src\home_screen\HOMEPresenter.cpp">
      <Filter>Source Files\gui\home_screen</Filter>
    </ClCompile>
    <ClCompile Include="..\..\gui\src\home_screen\HOMEView.cpp">
      <Filter>Source Files\gui\home_screen</Filter>
    </ClCompile>
    <ClCompile Include="..\..\generated\gui_generated\src\home_screen\HOMEViewBase.cpp">
      <Filter>Source Files\generated\gui_generated\home_screen</Filter>
    </ClCompile>
    <ClCompile Include="..\..\gui\src\tip_1_screen\TIP_1Presenter.cpp">
      <Filter>Source Files\gui\tip_1_screen</Filter>
    </ClCompile>
    <ClCompile Include="..\..\gui\src\tip_1_screen\TIP_1View.cpp">
      <Filter>Source Files\gui\tip_1_screen</Filter>
    </ClCompile>
    <ClCompile Include="..\..\generated\gui_generated\src\tip_1_screen\TIP_1ViewBase.cpp">
      <Filter>Source Files\generated\gui_generated\tip_1_screen</Filter>
    </ClCompile>
    <ClCompile Include="..\..\gui\src\manual_screen\MANUALPresenter.cpp">
      <Filter>Source Files\gui\manual_screen</Filter>
    </ClCompile>
    <ClCompile Include="..\..\gui\src\manual_screen\MANUALView.cpp">
      <Filter>Source Files\gui\manual_screen</Filter>
    </ClCompile>
    <ClCompile Include="..\..\generated\gui_generated\src\manual_screen\MANUALViewBase.cpp">
      <Filter>Source Files\generated\gui_generated\manual_screen</Filter>
    </ClCompile>
    <ClCompile Include="..\..\gui\src\alarm_history_screen\ALARM_HISTORYPresenter.cpp">
      <Filter>Source Files\gui\alarm_history_screen</Filter>
    </ClCompile>
    <ClCompile Include="..\..\gui\src\alarm_history_screen\ALARM_HISTORYView.cpp">
      <Filter>Source Files\gui\alarm_history_screen</Filter>
    </ClCompile>
    <ClCompile Include="..\..\generated\gui_generated\src\alarm_history_screen\ALARM_HISTORYViewBase.cpp">
      <Filter>Source Files\generated\gui_generated\alarm_history_screen</Filter>
    </ClCompile>
    <ClCompile Include="..\..\gui\src\monitor_screen\MONITORPresenter.cpp">
      <Filter>Source Files\gui\monitor_screen</Filter>
    </ClCompile>
    <ClCompile Include="..\..\gui\src\monitor_screen\MONITORView.cpp">
      <Filter>Source Files\gui\monitor_screen</Filter>
    </ClCompile>
    <ClCompile Include="..\..\generated\gui_generated\src\monitor_screen\MONITORViewBase.cpp">
      <Filter>Source Files\generated\gui_generated\monitor_screen</Filter>
    </ClCompile>
    <ClCompile Include="..\..\gui\src\settings_screen\SETTINGSPresenter.cpp">
      <Filter>Source Files\gui\settings_screen</Filter>
    </ClCompile>
    <ClCompile Include="..\..\gui\src\settings_screen\SETTINGSView.cpp">
      <Filter>Source Files\gui\settings_screen</Filter>
    </ClCompile>
    <ClCompile Include="..\..\generated\gui_generated\src\settings_screen\SETTINGSViewBase.cpp">
      <Filter>Source Files\generated\gui_generated\settings_screen</Filter>
    </ClCompile>
    <ClCompile Include="..\..\gui\src\tip_2_screen\TIP_2Presenter.cpp">
      <Filter>Source Files\gui\tip_2_screen</Filter>
    </ClCompile>
    <ClCompile Include="..\..\gui\src\tip_2_screen\TIP_2View.cpp">
      <Filter>Source Files\gui\tip_2_screen</Filter>
    </ClCompile>
    <ClCompile Include="..\..\generated\gui_generated\src\tip_2_screen\TIP_2ViewBase.cpp">
      <Filter>Source Files\generated\gui_generated\tip_2_screen</Filter>
    </ClCompile>
    <ClCompile Include="..\..\gui\src\containers\TIP_SETTINGS_CONTAINER.cpp">
      <Filter>Source Files\gui\containers</Filter>
    </ClCompile>
    <ClCompile Include="..\..\generated\gui_generated\src\containers\TIP_SETTINGS_CONTAINERBase.cpp">
      <Filter>Source Files\generated\gui_generated\containers</Filter>
    </ClCompile>
    <ClCompile Include="..\..\gui\src\tip_3_screen\TIP_3Presenter.cpp">
      <Filter>Source Files\gui\tip_3_screen</Filter>
    </ClCompile>
    <ClCompile Include="..\..\gui\src\tip_3_screen\TIP_3View.cpp">
      <Filter>Source Files\gui\tip_3_screen</Filter>
    </ClCompile>
    <ClCompile Include="..\..\generated\gui_generated\src\tip_3_screen\TIP_3ViewBase.cpp">
      <Filter>Source Files\generated\gui_generated\tip_3_screen</Filter>
    </ClCompile>
    <ClCompile Include="..\..\gui\src\test_press_screen\TEST_PRESSPresenter.cpp">
      <Filter>Source Files\gui\test_press_screen</Filter>
    </ClCompile>
    <ClCompile Include="..\..\gui\src\test_press_screen\TEST_PRESSView.cpp">
      <Filter>Source Files\gui\test_press_screen</Filter>
    </ClCompile>
    <ClCompile Include="..\..\generated\gui_generated\src\test_press_screen\TEST_PRESSViewBase.cpp">
      <Filter>Source Files\generated\gui_generated\test_press_screen</Filter>
    </ClCompile>
    <ClCompile Include="..\..\gui\src\settings_cooling_time_screen\SETTINGS_COOLING_TIMEPresenter.cpp">
      <Filter>Source Files\gui\settings_cooling_time_screen</Filter>
    </ClCompile>
    <ClCompile Include="..\..\gui\src\settings_cooling_time_screen\SETTINGS_COOLING_TIMEView.cpp">
      <Filter>Source Files\gui\settings_cooling_time_screen</Filter>
    </ClCompile>
    <ClCompile Include="..\..\generated\gui_generated\src\settings_cooling_time_screen\SETTINGS_COOLING_TIMEViewBase.cpp">
      <Filter>Source Files\generated\gui_generated\settings_cooling_time_screen</Filter>
    </ClCompile>
    <ClCompile Include="..\..\gui\src\settings_menu_screen\SETTINGS_MENUPresenter.cpp">
      <Filter>Source Files\gui\settings_menu_screen</Filter>
    </ClCompile>
    <ClCompile Include="..\..\gui\src\settings_menu_screen\SETTINGS_MENUView.cpp">
      <Filter>Source Files\gui\settings_menu_screen</Filter>
    </ClCompile>
    <ClCompile Include="..\..\generated\gui_generated\src\settings_menu_screen\SETTINGS_MENUViewBase.cpp">
      <Filter>Source Files\generated\gui_generated\settings_menu_screen</Filter>
    </ClCompile>
    <ClCompile Include="..\..\gui\src\settings_work_position_screen\SETTINGS_WORK_POSITIONPresenter.cpp">
      <Filter>Source Files\gui\settings_work_position_screen</Filter>
    </ClCompile>
    <ClCompile Include="..\..\gui\src\settings_work_position_screen\SETTINGS_WORK_POSITIONView.cpp">
      <Filter>Source Files\gui\settings_work_position_screen</Filter>
    </ClCompile>
    <ClCompile Include="..\..\generated\gui_generated\src\settings_work_position_screen\SETTINGS_WORK_POSITIONViewBase.cpp">
      <Filter>Source Files\generated\gui_generated\settings_work_position_screen</Filter>
    </ClCompile>
    <ClCompile Include="..\..\gui\src\settings_global_screen\SETTINGS_GLOBALPresenter.cpp">
      <Filter>Source Files\gui\settings_global_screen</Filter>
    </ClCompile>
    <ClCompile Include="..\..\gui\src\settings_global_screen\SETTINGS_GLOBALView.cpp">
      <Filter>Source Files\gui\settings_global_screen</Filter>
    </ClCompile>
    <ClCompile Include="..\..\generated\gui_generated\src\settings_global_screen\SETTINGS_GLOBALViewBase.cpp">
      <Filter>Source Files\generated\gui_generated\settings_global_screen</Filter>
    </ClCompile>
    <ClCompile Include="..\..\gui\src\tip_4_screen\TIP_4Presenter.cpp">
      <Filter>Source Files\gui\tip_4_screen</Filter>
    </ClCompile>
    <ClCompile Include="..\..\gui\src\tip_4_screen\TIP_4View.cpp">
      <Filter>Source Files\gui\tip_4_screen</Filter>
    </ClCompile>
    <ClCompile Include="..\..\generated\gui_generated\src\tip_4_screen\TIP_4ViewBase.cpp">
      <Filter>Source Files\generated\gui_generated\tip_4_screen</Filter>
    </ClCompile>
    <ClCompile Include="..\..\gui\src\offsets_screen\OFFSETSPresenter.cpp">
      <Filter>Source Files\gui\offsets_screen</Filter>
    </ClCompile>
    <ClCompile Include="..\..\gui\src\offsets_screen\OFFSETSView.cpp">
      <Filter>Source Files\gui\offsets_screen</Filter>
    </ClCompile>
    <ClCompile Include="..\..\generated\gui_generated\src\offsets_screen\OFFSETSViewBase.cpp">
      <Filter>Source Files\generated\gui_generated\offsets_screen</Filter>
    </ClCompile>
  </ItemGroup>
  <ItemGroup>
    <None Include="$(ApplicationRoot)\assets\texts\texts.xml">
      <Filter>Resource Files\assets\texts</Filter>
    </None>
    <None Include="$(ApplicationRoot)\config\msvs\Application.props">
      <Filter>Resource Files\config\msvs</Filter>
    </None>
  </ItemGroup>
  <ItemGroup>
    <ClInclude Include="$(TouchGFXReleasePath)\framework\include\common\AbstractPartition.hpp">
      <Filter>Header Files\TouchGFX\common</Filter>
    </ClInclude>
    <ClInclude Include="$(TouchGFXReleasePath)\framework\include\common\Meta.hpp">
      <Filter>Header Files\TouchGFX\common</Filter>
    </ClInclude>
    <ClInclude Include="$(TouchGFXReleasePath)\framework\include\common\Partition.hpp">
      <Filter>Header Files\TouchGFX\common</Filter>
    </ClInclude>
    <ClInclude Include="$(TouchGFXReleasePath)\framework\include\common\TouchGFXInit.hpp">
      <Filter>Header Files\TouchGFX\common</Filter>
    </ClInclude>
    <ClInclude Include="$(TouchGFXReleasePath)\framework\include\mvp\MVPApplication.hpp">
      <Filter>Header Files\TouchGFX\mvp</Filter>
    </ClInclude>
    <ClInclude Include="$(TouchGFXReleasePath)\framework\include\mvp\MVPHeap.hpp">
      <Filter>Header Files\TouchGFX\mvp</Filter>
    </ClInclude>
    <ClInclude Include="$(TouchGFXReleasePath)\framework\include\mvp\Presenter.hpp">
      <Filter>Header Files\TouchGFX\mvp</Filter>
    </ClInclude>
    <ClInclude Include="$(TouchGFXReleasePath)\framework\include\mvp\View.hpp">
      <Filter>Header Files\TouchGFX\mvp</Filter>
    </ClInclude>
    <ClInclude Include="$(TouchGFXReleasePath)\framework\include\platform\driver\lcd\LCD16bpp.hpp">
      <Filter>Header Files\TouchGFX\platform\driver\lcd</Filter>
    </ClInclude>
    <ClInclude Include="$(TouchGFXReleasePath)\framework\include\platform\driver\lcd\LCD1bpp.hpp">
      <Filter>Header Files\TouchGFX\platform\driver\lcd</Filter>
    </ClInclude>
    <ClInclude Include="$(TouchGFXReleasePath)\framework\include\platform\driver\lcd\LCD24bpp.hpp">
      <Filter>Header Files\TouchGFX\platform\driver\lcd</Filter>
    </ClInclude>
    <ClInclude Include="$(TouchGFXReleasePath)\framework\include\platform\driver\lcd\LCD2bpp.hpp">
      <Filter>Header Files\TouchGFX\platform\driver\lcd</Filter>
    </ClInclude>
    <ClInclude Include="$(TouchGFXReleasePath)\framework\include\platform\driver\lcd\LCD4bpp.hpp">
      <Filter>Header Files\TouchGFX\platform\driver\lcd</Filter>
    </ClInclude>
    <ClInclude Include="$(TouchGFXReleasePath)\framework\include\platform\driver\touch\SDL2TouchController.hpp">
      <Filter>Header Files\TouchGFX\platform\driver\touch</Filter>
    </ClInclude>
    <ClInclude Include="$(TouchGFXReleasePath)\framework\include\platform\hal\simulator\sdl2\HALSDL2.hpp">
      <Filter>Header Files\TouchGFX\platform\hal\simulator\sdl2</Filter>
    </ClInclude>
    <ClInclude Include="$(TouchGFXReleasePath)\framework\include\touchgfx\Application.hpp">
      <Filter>Header Files\TouchGFX\touchgfx</Filter>
    </ClInclude>
    <ClInclude Include="$(TouchGFXReleasePath)\framework\include\touchgfx\Bitmap.hpp">
      <Filter>Header Files\TouchGFX\touchgfx</Filter>
    </ClInclude>
    <ClInclude Include="$(TouchGFXReleasePath)\framework\include\touchgfx\Callback.hpp">
      <Filter>Header Files\TouchGFX\touchgfx</Filter>
    </ClInclude>
    <ClInclude Include="$(TouchGFXReleasePath)\framework\include\touchgfx\canvas_widget_renderer\CanvasWidgetRenderer.hpp">
      <Filter>Header Files\TouchGFX\touchgfx\canvas_widget_renderer</Filter>
    </ClInclude>
    <ClInclude Include="$(TouchGFXReleasePath)\framework\include\touchgfx\canvas_widget_renderer\Cell.hpp">
      <Filter>Header Files\TouchGFX\touchgfx\canvas_widget_renderer</Filter>
    </ClInclude>
    <ClInclude Include="$(TouchGFXReleasePath)\framework\include\touchgfx\canvas_widget_renderer\Outline.hpp">
      <Filter>Header Files\TouchGFX\touchgfx\canvas_widget_renderer</Filter>
    </ClInclude>
    <ClInclude Include="$(TouchGFXReleasePath)\framework\include\touchgfx\canvas_widget_renderer\Rasterizer.hpp">
      <Filter>Header Files\TouchGFX\touchgfx\canvas_widget_renderer</Filter>
    </ClInclude>
    <ClInclude Include="$(TouchGFXReleasePath)\framework\include\touchgfx\canvas_widget_renderer\Renderer.hpp">
      <Filter>Header Files\TouchGFX\touchgfx\canvas_widget_renderer</Filter>
    </ClInclude>
    <ClInclude Include="$(TouchGFXReleasePath)\framework\include\touchgfx\canvas_widget_renderer\RenderingBuffer.hpp">
      <Filter>Header Files\TouchGFX\touchgfx\canvas_widget_renderer</Filter>
    </ClInclude>
    <ClInclude Include="$(TouchGFXReleasePath)\framework\include\touchgfx\canvas_widget_renderer\RGBA8.hpp">
      <Filter>Header Files\TouchGFX\touchgfx\canvas_widget_renderer</Filter>
    </ClInclude>
    <ClInclude Include="$(TouchGFXReleasePath)\framework\include\touchgfx\canvas_widget_renderer\Scanline.hpp">
      <Filter>Header Files\TouchGFX\touchgfx\canvas_widget_renderer</Filter>
    </ClInclude>
    <ClInclude Include="$(TouchGFXReleasePath)\framework\include\touchgfx\Color.hpp">
      <Filter>Header Files\TouchGFX\touchgfx</Filter>
    </ClInclude>
    <ClInclude Include="$(TouchGFXReleasePath)\framework\include\touchgfx\ConstFont.hpp">
      <Filter>Header Files\TouchGFX\touchgfx</Filter>
    </ClInclude>
    <ClInclude Include="$(TouchGFXReleasePath)\framework\include\touchgfx\containers\clock\AbstractClock.hpp">
      <Filter>Header Files\TouchGFX\touchgfx\containers\clock</Filter>
    </ClInclude>
    <ClInclude Include="$(TouchGFXReleasePath)\framework\include\touchgfx\containers\clock\AnalogClock.hpp">
      <Filter>Header Files\TouchGFX\touchgfx\containers\clock</Filter>
    </ClInclude>
    <ClInclude Include="$(TouchGFXReleasePath)\framework\include\touchgfx\containers\clock\DigitalClock.hpp">
      <Filter>Header Files\TouchGFX\touchgfx\containers\clock</Filter>
    </ClInclude>
    <ClInclude Include="$(TouchGFXReleasePath)\framework\include\touchgfx\containers\Container.hpp">
      <Filter>Header Files\TouchGFX\touchgfx\containers</Filter>
    </ClInclude>
    <ClInclude Include="$(TouchGFXReleasePath)\framework\include\touchgfx\containers\ListLayout.hpp">
      <Filter>Header Files\TouchGFX\touchgfx\containers</Filter>
    </ClInclude>
    <ClInclude Include="$(TouchGFXReleasePath)\framework\include\touchgfx\containers\ModalWindow.hpp">
      <Filter>Header Files\TouchGFX\touchgfx\containers</Filter>
    </ClInclude>
    <ClInclude Include="$(TouchGFXReleasePath)\framework\include\touchgfx\containers\progress_indicators\AbstractDirectionProgress.hpp">
      <Filter>Header Files\TouchGFX\touchgfx\containers\progress_indicators</Filter>
    </ClInclude>
    <ClInclude Include="$(TouchGFXReleasePath)\framework\include\touchgfx\containers\progress_indicators\AbstractProgressIndicator.hpp">
      <Filter>Header Files\TouchGFX\touchgfx\containers\progress_indicators</Filter>
    </ClInclude>
    <ClInclude Include="$(TouchGFXReleasePath)\framework\include\touchgfx\containers\progress_indicators\BoxProgress.hpp">
      <Filter>Header Files\TouchGFX\touchgfx\containers\progress_indicators</Filter>
    </ClInclude>
    <ClInclude Include="$(TouchGFXReleasePath)\framework\include\touchgfx\containers\progress_indicators\CircleProgress.hpp">
      <Filter>Header Files\TouchGFX\touchgfx\containers\progress_indicators</Filter>
    </ClInclude>
    <ClInclude Include="$(TouchGFXReleasePath)\framework\include\touchgfx\containers\progress_indicators\ImageProgress.hpp">
      <Filter>Header Files\TouchGFX\touchgfx\containers\progress_indicators</Filter>
    </ClInclude>
    <ClInclude Include="$(TouchGFXReleasePath)\framework\include\touchgfx\containers\progress_indicators\LineProgress.hpp">
      <Filter>Header Files\TouchGFX\touchgfx\containers\progress_indicators</Filter>
    </ClInclude>
    <ClInclude Include="$(TouchGFXReleasePath)\framework\include\touchgfx\containers\progress_indicators\TextProgress.hpp">
      <Filter>Header Files\TouchGFX\touchgfx\containers\progress_indicators</Filter>
    </ClInclude>
    <ClInclude Include="$(TouchGFXReleasePath)\framework\include\touchgfx\containers\ScrollableContainer.hpp">
      <Filter>Header Files\TouchGFX\touchgfx\containers</Filter>
    </ClInclude>
    <ClInclude Include="$(TouchGFXReleasePath)\framework\include\touchgfx\containers\SlideMenu.hpp">
      <Filter>Header Files\TouchGFX\touchgfx\containers</Filter>
    </ClInclude>
    <ClInclude Include="$(TouchGFXReleasePath)\framework\include\touchgfx\containers\Slider.hpp">
      <Filter>Header Files\TouchGFX\touchgfx\containers</Filter>
    </ClInclude>
    <ClInclude Include="$(TouchGFXReleasePath)\framework\include\touchgfx\containers\ZoomAnimationImage.hpp">
      <Filter>Header Files\TouchGFX\touchgfx\containers</Filter>
    </ClInclude>
    <ClInclude Include="$(TouchGFXReleasePath)\framework\include\touchgfx\Drawable.hpp">
      <Filter>Header Files\TouchGFX\touchgfx</Filter>
    </ClInclude>
    <ClInclude Include="$(TouchGFXReleasePath)\framework\include\touchgfx\EasingEquations.hpp">
      <Filter>Header Files\TouchGFX\touchgfx</Filter>
    </ClInclude>
    <ClInclude Include="$(TouchGFXReleasePath)\framework\include\touchgfx\Event.hpp">
      <Filter>Header Files\TouchGFX\touchgfx</Filter>
    </ClInclude>
    <ClInclude Include="$(TouchGFXReleasePath)\framework\include\touchgfx\events\ClickEvent.hpp">
      <Filter>Header Files\TouchGFX\touchgfx\events</Filter>
    </ClInclude>
    <ClInclude Include="$(TouchGFXReleasePath)\framework\include\touchgfx\events\DragEvent.hpp">
      <Filter>Header Files\TouchGFX\touchgfx\events</Filter>
    </ClInclude>
    <ClInclude Include="$(TouchGFXReleasePath)\framework\include\touchgfx\events\GestureEvent.hpp">
      <Filter>Header Files\TouchGFX\touchgfx\events</Filter>
    </ClInclude>
    <ClInclude Include="$(TouchGFXReleasePath)\framework\include\touchgfx\Font.hpp">
      <Filter>Header Files\TouchGFX\touchgfx</Filter>
    </ClInclude>
    <ClInclude Include="$(TouchGFXReleasePath)\framework\include\touchgfx\FontManager.hpp">
      <Filter>Header Files\TouchGFX\touchgfx</Filter>
    </ClInclude>
    <ClInclude Include="$(TouchGFXReleasePath)\framework\include\touchgfx\hal\Atomic.hpp">
      <Filter>Header Files\TouchGFX\touchgfx\hal</Filter>
    </ClInclude>
    <ClInclude Include="$(TouchGFXReleasePath)\framework\include\touchgfx\hal\BlitOp.hpp">
      <Filter>Header Files\TouchGFX\touchgfx\hal</Filter>
    </ClInclude>
    <ClInclude Include="$(TouchGFXReleasePath)\framework\include\touchgfx\hal\BoardConfiguration.hpp">
      <Filter>Header Files\TouchGFX\touchgfx\hal</Filter>
    </ClInclude>
    <ClInclude Include="$(TouchGFXReleasePath)\framework\include\touchgfx\hal\Buttons.hpp">
      <Filter>Header Files\TouchGFX\touchgfx\hal</Filter>
    </ClInclude>
    <ClInclude Include="$(TouchGFXReleasePath)\framework\include\touchgfx\hal\Config.hpp">
      <Filter>Header Files\TouchGFX\touchgfx\hal</Filter>
    </ClInclude>
    <ClInclude Include="$(TouchGFXReleasePath)\framework\include\touchgfx\hal\DMA.hpp">
      <Filter>Header Files\TouchGFX\touchgfx\hal</Filter>
    </ClInclude>
    <ClInclude Include="$(TouchGFXReleasePath)\framework\include\touchgfx\hal\Gestures.hpp">
      <Filter>Header Files\TouchGFX\touchgfx\hal</Filter>
    </ClInclude>
    <ClInclude Include="$(TouchGFXReleasePath)\framework\include\touchgfx\hal\GPIO.hpp">
      <Filter>Header Files\TouchGFX\touchgfx\hal</Filter>
    </ClInclude>
    <ClInclude Include="$(TouchGFXReleasePath)\framework\include\touchgfx\hal\HAL.hpp">
      <Filter>Header Files\TouchGFX\touchgfx\hal</Filter>
    </ClInclude>
    <ClInclude Include="$(TouchGFXReleasePath)\framework\include\touchgfx\hal\LED.hpp">
      <Filter>Header Files\TouchGFX\touchgfx\hal</Filter>
    </ClInclude>
    <ClInclude Include="$(TouchGFXReleasePath)\framework\include\touchgfx\hal\NoDMA.hpp">
      <Filter>Header Files\TouchGFX\touchgfx\hal</Filter>
    </ClInclude>
    <ClInclude Include="$(TouchGFXReleasePath)\framework\include\touchgfx\hal\OSWrappers.hpp">
      <Filter>Header Files\TouchGFX\touchgfx\hal</Filter>
    </ClInclude>
    <ClInclude Include="$(TouchGFXReleasePath)\framework\include\touchgfx\hal\Types.hpp">
      <Filter>Header Files\TouchGFX\touchgfx\hal</Filter>
    </ClInclude>
    <ClInclude Include="$(TouchGFXReleasePath)\framework\include\touchgfx\InternalFlashFont.hpp">
      <Filter>Header Files\TouchGFX\touchgfx</Filter>
    </ClInclude>
    <ClInclude Include="$(TouchGFXReleasePath)\framework\include\touchgfx\JSMOCHelper.hpp">
      <Filter>Header Files\TouchGFX\touchgfx</Filter>
    </ClInclude>
    <ClInclude Include="$(TouchGFXReleasePath)\framework\include\touchgfx\lcd\LCD.hpp">
      <Filter>Header Files\TouchGFX\touchgfx\lcd</Filter>
    </ClInclude>
    <ClInclude Include="$(TouchGFXReleasePath)\framework\include\touchgfx\Math3D.hpp">
      <Filter>Header Files\TouchGFX\touchgfx</Filter>
    </ClInclude>
    <ClInclude Include="$(TouchGFXReleasePath)\framework\include\touchgfx\mixins\ClickListener.hpp">
      <Filter>Header Files\TouchGFX\touchgfx\mixins</Filter>
    </ClInclude>
    <ClInclude Include="$(TouchGFXReleasePath)\framework\include\touchgfx\mixins\Draggable.hpp">
      <Filter>Header Files\TouchGFX\touchgfx\mixins</Filter>
    </ClInclude>
    <ClInclude Include="$(TouchGFXReleasePath)\framework\include\touchgfx\mixins\FadeAnimator.hpp">
      <Filter>Header Files\TouchGFX\touchgfx\mixins</Filter>
    </ClInclude>
    <ClInclude Include="$(TouchGFXReleasePath)\framework\include\touchgfx\mixins\MoveAnimator.hpp">
      <Filter>Header Files\TouchGFX\touchgfx\mixins</Filter>
    </ClInclude>
    <ClInclude Include="$(TouchGFXReleasePath)\framework\include\touchgfx\mixins\PreRenderable.hpp">
      <Filter>Header Files\TouchGFX\touchgfx\mixins</Filter>
    </ClInclude>
    <ClInclude Include="$(TouchGFXReleasePath)\framework\include\touchgfx\mixins\Snapper.hpp">
      <Filter>Header Files\TouchGFX\touchgfx\mixins</Filter>
    </ClInclude>
    <ClInclude Include="$(TouchGFXReleasePath)\framework\include\touchgfx\Screen.hpp">
      <Filter>Header Files\TouchGFX\touchgfx</Filter>
    </ClInclude>
    <ClInclude Include="$(TouchGFXReleasePath)\framework\include\touchgfx\TextProvider.hpp">
      <Filter>Header Files\TouchGFX\touchgfx</Filter>
    </ClInclude>
    <ClInclude Include="$(TouchGFXReleasePath)\framework\include\touchgfx\Texts.hpp">
      <Filter>Header Files\TouchGFX\touchgfx</Filter>
    </ClInclude>
    <ClInclude Include="$(TouchGFXReleasePath)\framework\include\touchgfx\TextureMapTypes.hpp">
      <Filter>Header Files\TouchGFX\touchgfx</Filter>
    </ClInclude>
    <ClInclude Include="$(TouchGFXReleasePath)\framework\include\touchgfx\transforms\DisplayTransformation.hpp">
      <Filter>Header Files\TouchGFX\touchgfx\transforms</Filter>
    </ClInclude>
    <ClInclude Include="$(TouchGFXReleasePath)\framework\include\touchgfx\transforms\TouchCalibration.hpp">
      <Filter>Header Files\TouchGFX\touchgfx\transforms</Filter>
    </ClInclude>
    <ClInclude Include="$(TouchGFXReleasePath)\framework\include\touchgfx\transitions\NoTransition.hpp">
      <Filter>Header Files\TouchGFX\touchgfx\transitions</Filter>
    </ClInclude>
    <ClInclude Include="$(TouchGFXReleasePath)\framework\include\touchgfx\transitions\SlideTransition.hpp">
      <Filter>Header Files\TouchGFX\touchgfx\transitions</Filter>
    </ClInclude>
    <ClInclude Include="$(TouchGFXReleasePath)\framework\include\touchgfx\transitions\Transition.hpp">
      <Filter>Header Files\TouchGFX\touchgfx\transitions</Filter>
    </ClInclude>
    <ClInclude Include="$(TouchGFXReleasePath)\framework\include\touchgfx\TypedText.hpp">
      <Filter>Header Files\TouchGFX\touchgfx</Filter>
    </ClInclude>
    <ClInclude Include="$(TouchGFXReleasePath)\framework\include\touchgfx\UIEventListener.hpp">
      <Filter>Header Files\TouchGFX\touchgfx</Filter>
    </ClInclude>
    <ClInclude Include="$(TouchGFXReleasePath)\framework\include\touchgfx\Unicode.hpp">
      <Filter>Header Files\TouchGFX\touchgfx</Filter>
    </ClInclude>
    <ClInclude Include="$(TouchGFXReleasePath)\framework\include\touchgfx\Utils.hpp">
      <Filter>Header Files\TouchGFX\touchgfx</Filter>
    </ClInclude>
    <ClInclude Include="$(TouchGFXReleasePath)\framework\include\touchgfx\widgets\AbstractButton.hpp">
      <Filter>Header Files\TouchGFX\touchgfx\widgets</Filter>
    </ClInclude>
    <ClInclude Include="$(TouchGFXReleasePath)\framework\include\touchgfx\widgets\AnimatedImage.hpp">
      <Filter>Header Files\TouchGFX\touchgfx\widgets</Filter>
    </ClInclude>
    <ClInclude Include="$(TouchGFXReleasePath)\framework\include\touchgfx\widgets\AnimationTextureMapper.hpp">
      <Filter>Header Files\TouchGFX\touchgfx\widgets</Filter>
    </ClInclude>
    <ClInclude Include="$(TouchGFXReleasePath)\framework\include\touchgfx\widgets\Box.hpp">
      <Filter>Header Files\TouchGFX\touchgfx\widgets</Filter>
    </ClInclude>
    <ClInclude Include="$(TouchGFXReleasePath)\framework\include\touchgfx\widgets\Button.hpp">
      <Filter>Header Files\TouchGFX\touchgfx\widgets</Filter>
    </ClInclude>
    <ClInclude Include="$(TouchGFXReleasePath)\framework\include\touchgfx\widgets\ButtonWithIcon.hpp">
      <Filter>Header Files\TouchGFX\touchgfx\widgets</Filter>
    </ClInclude>
    <ClInclude Include="$(TouchGFXReleasePath)\framework\include\touchgfx\widgets\ButtonWithLabel.hpp">
      <Filter>Header Files\TouchGFX\touchgfx\widgets</Filter>
    </ClInclude>
    <ClInclude Include="$(TouchGFXReleasePath)\framework\include\touchgfx\widgets\canvas\AbstractPainter.hpp">
      <Filter>Header Files\TouchGFX\touchgfx\widgets\canvas</Filter>
    </ClInclude>
    <ClInclude Include="$(TouchGFXReleasePath)\framework\include\touchgfx\widgets\canvas\AbstractPainterBW.hpp">
      <Filter>Header Files\TouchGFX\touchgfx\widgets\canvas</Filter>
    </ClInclude>
    <ClInclude Include="$(TouchGFXReleasePath)\framework\include\touchgfx\widgets\canvas\AbstractPainterGRAY2.hpp">
      <Filter>Header Files\TouchGFX\touchgfx\widgets\canvas</Filter>
    </ClInclude>
    <ClInclude Include="$(TouchGFXReleasePath)\framework\include\touchgfx\widgets\canvas\AbstractPainterGRAY4.hpp">
      <Filter>Header Files\TouchGFX\touchgfx\widgets\canvas</Filter>
    </ClInclude>
    <ClInclude Include="$(TouchGFXReleasePath)\framework\include\touchgfx\widgets\canvas\AbstractPainterRGB565.hpp">
      <Filter>Header Files\TouchGFX\touchgfx\widgets\canvas</Filter>
    </ClInclude>
    <ClInclude Include="$(TouchGFXReleasePath)\framework\include\touchgfx\widgets\canvas\AbstractPainterRGB888.hpp">
      <Filter>Header Files\TouchGFX\touchgfx\widgets\canvas</Filter>
    </ClInclude>
    <ClInclude Include="$(TouchGFXReleasePath)\framework\include\touchgfx\widgets\canvas\AbstractShape.hpp">
      <Filter>Header Files\TouchGFX\touchgfx\widgets\canvas</Filter>
    </ClInclude>
    <ClInclude Include="$(TouchGFXReleasePath)\framework\include\touchgfx\widgets\canvas\Canvas.hpp">
      <Filter>Header Files\TouchGFX\touchgfx\widgets\canvas</Filter>
    </ClInclude>
    <ClInclude Include="$(TouchGFXReleasePath)\framework\include\touchgfx\widgets\canvas\CanvasWidget.hpp">
      <Filter>Header Files\TouchGFX\touchgfx\widgets\canvas</Filter>
    </ClInclude>
    <ClInclude Include="$(TouchGFXReleasePath)\framework\include\touchgfx\widgets\canvas\Circle.hpp">
      <Filter>Header Files\TouchGFX\touchgfx\widgets\canvas</Filter>
    </ClInclude>
    <ClInclude Include="$(TouchGFXReleasePath)\framework\include\touchgfx\widgets\canvas\CWRUtil.hpp">
      <Filter>Header Files\TouchGFX\touchgfx\widgets\canvas</Filter>
    </ClInclude>
    <ClInclude Include="$(TouchGFXReleasePath)\framework\include\touchgfx\widgets\canvas\Line.hpp">
      <Filter>Header Files\TouchGFX\touchgfx\widgets\canvas</Filter>
    </ClInclude>
    <ClInclude Include="$(TouchGFXReleasePath)\framework\include\touchgfx\widgets\canvas\PainterBW.hpp">
      <Filter>Header Files\TouchGFX\touchgfx\widgets\canvas</Filter>
    </ClInclude>
    <ClInclude Include="$(TouchGFXReleasePath)\framework\include\touchgfx\widgets\canvas\PainterGRAY2.hpp">
      <Filter>Header Files\TouchGFX\touchgfx\widgets\canvas</Filter>
    </ClInclude>
    <ClInclude Include="$(TouchGFXReleasePath)\framework\include\touchgfx\widgets\canvas\PainterGRAY2Bitmap.hpp">
      <Filter>Header Files\TouchGFX\touchgfx\widgets\canvas</Filter>
    </ClInclude>
    <ClInclude Include="$(TouchGFXReleasePath)\framework\include\touchgfx\widgets\canvas\PainterGRAY4.hpp">
      <Filter>Header Files\TouchGFX\touchgfx\widgets\canvas</Filter>
    </ClInclude>
    <ClInclude Include="$(TouchGFXReleasePath)\framework\include\touchgfx\widgets\canvas\PainterGRAY4Bitmap.hpp">
      <Filter>Header Files\TouchGFX\touchgfx\widgets\canvas</Filter>
    </ClInclude>
    <ClInclude Include="$(TouchGFXReleasePath)\framework\include\touchgfx\widgets\canvas\PainterRGB565.hpp">
      <Filter>Header Files\TouchGFX\touchgfx\widgets\canvas</Filter>
    </ClInclude>
    <ClInclude Include="$(TouchGFXReleasePath)\framework\include\touchgfx\widgets\canvas\PainterRGB565Bitmap.hpp">
      <Filter>Header Files\TouchGFX\touchgfx\widgets\canvas</Filter>
    </ClInclude>
    <ClInclude Include="$(TouchGFXReleasePath)\framework\include\touchgfx\widgets\canvas\PainterRGB888.hpp">
      <Filter>Header Files\TouchGFX\touchgfx\widgets\canvas</Filter>
    </ClInclude>
    <ClInclude Include="$(TouchGFXReleasePath)\framework\include\touchgfx\widgets\canvas\PainterRGB888Bitmap.hpp">
      <Filter>Header Files\TouchGFX\touchgfx\widgets\canvas</Filter>
    </ClInclude>
    <ClInclude Include="$(TouchGFXReleasePath)\framework\include\touchgfx\widgets\canvas\Shape.hpp">
      <Filter>Header Files\TouchGFX\touchgfx\widgets\canvas</Filter>
    </ClInclude>
    <ClInclude Include="$(TouchGFXReleasePath)\framework\include\touchgfx\widgets\Image.hpp">
      <Filter>Header Files\TouchGFX\touchgfx\widgets</Filter>
    </ClInclude>
    <ClInclude Include="$(TouchGFXReleasePath)\framework\include\touchgfx\widgets\Keyboard.hpp">
      <Filter>Header Files\TouchGFX\touchgfx\widgets</Filter>
    </ClInclude>
    <ClInclude Include="$(TouchGFXReleasePath)\framework\include\touchgfx\widgets\PixelDataWidget.hpp">
      <Filter>Header Files\TouchGFX\touchgfx\widgets</Filter>
    </ClInclude>
    <ClInclude Include="$(TouchGFXReleasePath)\framework\include\touchgfx\widgets\RadioButton.hpp">
      <Filter>Header Files\TouchGFX\touchgfx\widgets</Filter>
    </ClInclude>
    <ClInclude Include="$(TouchGFXReleasePath)\framework\include\touchgfx\widgets\RadioButtonGroup.hpp">
      <Filter>Header Files\TouchGFX\touchgfx\widgets</Filter>
    </ClInclude>
    <ClInclude Include="$(TouchGFXReleasePath)\framework\include\touchgfx\widgets\RepeatButton.hpp">
      <Filter>Header Files\TouchGFX\touchgfx\widgets</Filter>
    </ClInclude>
    <ClInclude Include="$(TouchGFXReleasePath)\framework\include\touchgfx\widgets\ScalableImage.hpp">
      <Filter>Header Files\TouchGFX\touchgfx\widgets</Filter>
    </ClInclude>
    <ClInclude Include="$(TouchGFXReleasePath)\framework\include\touchgfx\widgets\SnapshotWidget.hpp">
      <Filter>Header Files\TouchGFX\touchgfx\widgets</Filter>
    </ClInclude>
    <ClInclude Include="$(TouchGFXReleasePath)\framework\include\touchgfx\widgets\TextArea.hpp">
      <Filter>Header Files\TouchGFX\touchgfx\widgets</Filter>
    </ClInclude>
    <ClInclude Include="$(TouchGFXReleasePath)\framework\include\touchgfx\widgets\TextAreaWithWildcard.hpp">
      <Filter>Header Files\TouchGFX\touchgfx\widgets</Filter>
    </ClInclude>
    <ClInclude Include="$(TouchGFXReleasePath)\framework\include\touchgfx\widgets\TextureMapper.hpp">
      <Filter>Header Files\TouchGFX\touchgfx\widgets</Filter>
    </ClInclude>
    <ClInclude Include="$(TouchGFXReleasePath)\framework\include\touchgfx\widgets\TiledImage.hpp">
      <Filter>Header Files\TouchGFX\touchgfx\widgets</Filter>
    </ClInclude>
    <ClInclude Include="$(TouchGFXReleasePath)\framework\include\touchgfx\widgets\ToggleButton.hpp">
      <Filter>Header Files\TouchGFX\touchgfx\widgets</Filter>
    </ClInclude>
    <ClInclude Include="$(TouchGFXReleasePath)\framework\include\touchgfx\widgets\TouchArea.hpp">
      <Filter>Header Files\TouchGFX\touchgfx\widgets</Filter>
    </ClInclude>
    <ClInclude Include="$(TouchGFXReleasePath)\framework\include\touchgfx\widgets\Widget.hpp">
      <Filter>Header Files\TouchGFX\touchgfx\widgets</Filter>
    </ClInclude>
    <ClInclude Include="$(ApplicationRoot)\generated\simulator\include\simulator\mainBase.hpp">
      <Filter>Header Files\generated\simulator</Filter>
    </ClInclude>
    <ClInclude Include="..\..\generated\simulator\include\simulator\video\DirectFrameBufferVideoController.hpp">
      <Filter>Header Files\generated\simulator\include\simulator\video</Filter>
    </ClInclude>
    <ClInclude Include="..\..\gui\include\gui\common\FrontendApplication.hpp">
      <Filter>Header Files\gui\common</Filter>
    </ClInclude>
    <ClInclude Include="..\..\generated\gui_generated\include\gui_generated\common\FrontendApplicationBase.hpp">
      <Filter>Header Files\generated\gui_generated\common</Filter>
    </ClInclude>
    <ClInclude Include="..\..\gui\include\gui\common\FrontendHeap.hpp">
      <Filter>Header Files\gui\common</Filter>
    </ClInclude>
    <ClInclude Include="..\..\generated\gui_generated\include\gui_generated\common\FrontendHeapBase.hpp">
      <Filter>Header Files\generated\gui_generated\common</Filter>
    </ClInclude>
    <ClInclude Include="..\..\generated\simulator\include\simulator\video\MJPEGDecoder.hpp">
      <Filter>Header Files\generated\simulator\include\simulator\video</Filter>
    </ClInclude>
    <ClInclude Include="..\..\gui\include\gui\model\Model.hpp">
      <Filter>Header Files\gui\model</Filter>
    </ClInclude>
    <ClInclude Include="..\..\gui\include\gui\model\ModelListener.hpp">
      <Filter>Header Files\gui\model</Filter>
    </ClInclude>
    <ClInclude Include="..\..\generated\gui_generated\include\gui_generated\common\SimConstants.hpp">
      <Filter>Header Files\generated\gui_generated\common</Filter>
    </ClInclude>
    <ClInclude Include="..\..\generated\simulator\include\simulator\video\SoftwareMJPEGDecoder.hpp">
      <Filter>Header Files\generated\simulator\include\simulator\video</Filter>
    </ClInclude>
    <ClInclude Include="..\..\gui\include\gui\home_screen\HOMEPresenter.hpp">
      <Filter>Header Files\gui\home_screen</Filter>
    </ClInclude>
    <ClInclude Include="..\..\gui\include\gui\home_screen\HOMEView.hpp">
      <Filter>Header Files\gui\home_screen</Filter>
    </ClInclude>
    <ClInclude Include="..\..\generated\gui_generated\include\gui_generated\home_screen\HOMEViewBase.hpp">
      <Filter>Header Files\generated\gui_generated\home_screen</Filter>
    </ClInclude>
    <ClInclude Include="..\..\gui\include\gui\tip_1_screen\TIP_1Presenter.hpp">
      <Filter>Header Files\gui\tip_1_screen</Filter>
    </ClInclude>
    <ClInclude Include="..\..\gui\include\gui\tip_1_screen\TIP_1View.hpp">
      <Filter>Header Files\gui\tip_1_screen</Filter>
    </ClInclude>
    <ClInclude Include="..\..\generated\gui_generated\include\gui_generated\tip_1_screen\TIP_1ViewBase.hpp">
      <Filter>Header Files\generated\gui_generated\tip_1_screen</Filter>
    </ClInclude>
    <ClInclude Include="..\..\gui\include\gui\manual_screen\MANUALPresenter.hpp">
      <Filter>Header Files\gui\manual_screen</Filter>
    </ClInclude>
    <ClInclude Include="..\..\gui\include\gui\manual_screen\MANUALView.hpp">
      <Filter>Header Files\gui\manual_screen</Filter>
    </ClInclude>
    <ClInclude Include="..\..\generated\gui_generated\include\gui_generated\manual_screen\MANUALViewBase.hpp">
      <Filter>Header Files\generated\gui_generated\manual_screen</Filter>
    </ClInclude>
    <ClInclude Include="..\..\gui\include\gui\alarm_history_screen\ALARM_HISTORYPresenter.hpp">
      <Filter>Header Files\gui\alarm_history_screen</Filter>
    </ClInclude>
    <ClInclude Include="..\..\gui\include\gui\alarm_history_screen\ALARM_HISTORYView.hpp">
      <Filter>Header Files\gui\alarm_history_screen</Filter>
    </ClInclude>
    <ClInclude Include="..\..\generated\gui_generated\include\gui_generated\alarm_history_screen\ALARM_HISTORYViewBase.hpp">
      <Filter>Header Files\generated\gui_generated\alarm_history_screen</Filter>
    </ClInclude>
    <ClInclude Include="..\..\gui\include\gui\monitor_screen\MONITORPresenter.hpp">
      <Filter>Header Files\gui\monitor_screen</Filter>
    </ClInclude>
    <ClInclude Include="..\..\gui\include\gui\monitor_screen\MONITORView.hpp">
      <Filter>Header Files\gui\monitor_screen</Filter>
    </ClInclude>
    <ClInclude Include="..\..\generated\gui_generated\include\gui_generated\monitor_screen\MONITORViewBase.hpp">
      <Filter>Header Files\generated\gui_generated\monitor_screen</Filter>
    </ClInclude>
    <ClInclude Include="..\..\gui\include\gui\settings_screen\SETTINGSPresenter.hpp">
      <Filter>Header Files\gui\settings_screen</Filter>
    </ClInclude>
    <ClInclude Include="..\..\gui\include\gui\settings_screen\SETTINGSView.hpp">
      <Filter>Header Files\gui\settings_screen</Filter>
    </ClInclude>
    <ClInclude Include="..\..\generated\gui_generated\include\gui_generated\settings_screen\SETTINGSViewBase.hpp">
      <Filter>Header Files\generated\gui_generated\settings_screen</Filter>
    </ClInclude>
    <ClInclude Include="..\..\gui\include\gui\tip_2_screen\TIP_2Presenter.hpp">
      <Filter>Header Files\gui\tip_2_screen</Filter>
    </ClInclude>
    <ClInclude Include="..\..\gui\include\gui\tip_2_screen\TIP_2View.hpp">
      <Filter>Header Files\gui\tip_2_screen</Filter>
    </ClInclude>
    <ClInclude Include="..\..\generated\gui_generated\include\gui_generated\tip_2_screen\TIP_2ViewBase.hpp">
      <Filter>Header Files\generated\gui_generated\tip_2_screen</Filter>
    </ClInclude>
    <ClInclude Include="..\..\gui\include\gui\containers\TIP_SETTINGS_CONTAINER.hpp">
      <Filter>Header Files\gui\containers</Filter>
    </ClInclude>
    <ClInclude Include="..\..\generated\gui_generated\include\gui_generated\containers\TIP_SETTINGS_CONTAINERBase.hpp">
      <Filter>Header Files\generated\gui_generated\containers</Filter>
    </ClInclude>
    <ClInclude Include="..\..\gui\include\gui\tip_3_screen\TIP_3Presenter.hpp">
      <Filter>Header Files\gui\tip_3_screen</Filter>
    </ClInclude>
    <ClInclude Include="..\..\gui\include\gui\tip_3_screen\TIP_3View.hpp">
      <Filter>Header Files\gui\tip_3_screen</Filter>
    </ClInclude>
    <ClInclude Include="..\..\generated\gui_generated\include\gui_generated\tip_3_screen\TIP_3ViewBase.hpp">
      <Filter>Header Files\generated\gui_generated\tip_3_screen</Filter>
    </ClInclude>
    <ClInclude Include="..\..\gui\include\gui\test_press_screen\TEST_PRESSPresenter.hpp">
      <Filter>Header Files\gui\test_press_screen</Filter>
    </ClInclude>
    <ClInclude Include="..\..\gui\include\gui\test_press_screen\TEST_PRESSView.hpp">
      <Filter>Header Files\gui\test_press_screen</Filter>
    </ClInclude>
    <ClInclude Include="..\..\generated\gui_generated\include\gui_generated\test_press_screen\TEST_PRESSViewBase.hpp">
      <Filter>Header Files\generated\gui_generated\test_press_screen</Filter>
    </ClInclude>
    <ClInclude Include="..\..\gui\include\gui\settings_cooling_time_screen\SETTINGS_COOLING_TIMEPresenter.hpp">
      <Filter>Header Files\gui\settings_cooling_time_screen</Filter>
    </ClInclude>
    <ClInclude Include="..\..\gui\include\gui\settings_cooling_time_screen\SETTINGS_COOLING_TIMEView.hpp">
      <Filter>Header Files\gui\settings_cooling_time_screen</Filter>
    </ClInclude>
    <ClInclude Include="..\..\generated\gui_generated\include\gui_generated\settings_cooling_time_screen\SETTINGS_COOLING_TIMEViewBase.hpp">
      <Filter>Header Files\generated\gui_generated\settings_cooling_time_screen</Filter>
    </ClInclude>
    <ClInclude Include="..\..\gui\include\gui\settings_menu_screen\SETTINGS_MENUPresenter.hpp">
      <Filter>Header Files\gui\settings_menu_screen</Filter>
    </ClInclude>
    <ClInclude Include="..\..\gui\include\gui\settings_menu_screen\SETTINGS_MENUView.hpp">
      <Filter>Header Files\gui\settings_menu_screen</Filter>
    </ClInclude>
    <ClInclude Include="..\..\generated\gui_generated\include\gui_generated\settings_menu_screen\SETTINGS_MENUViewBase.hpp">
      <Filter>Header Files\generated\gui_generated\settings_menu_screen</Filter>
    </ClInclude>
    <ClInclude Include="..\..\gui\include\gui\settings_work_position_screen\SETTINGS_WORK_POSITIONPresenter.hpp">
      <Filter>Header Files\gui\settings_work_position_screen</Filter>
    </ClInclude>
    <ClInclude Include="..\..\gui\include\gui\settings_work_position_screen\SETTINGS_WORK_POSITIONView.hpp">
      <Filter>Header Files\gui\settings_work_position_screen</Filter>
    </ClInclude>
    <ClInclude Include="..\..\generated\gui_generated\include\gui_generated\settings_work_position_screen\SETTINGS_WORK_POSITIONViewBase.hpp">
      <Filter>Header Files\generated\gui_generated\settings_work_position_screen</Filter>
    </ClInclude>
    <ClInclude Include="..\..\gui\include\gui\settings_global_screen\SETTINGS_GLOBALPresenter.hpp">
      <Filter>Header Files\gui\settings_global_screen</Filter>
    </ClInclude>
    <ClInclude Include="..\..\gui\include\gui\settings_global_screen\SETTINGS_GLOBALView.hpp">
      <Filter>Header Files\gui\settings_global_screen</Filter>
    </ClInclude>
    <ClInclude Include="..\..\generated\gui_generated\include\gui_generated\settings_global_screen\SETTINGS_GLOBALViewBase.hpp">
      <Filter>Header Files\generated\gui_generated\settings_global_screen</Filter>
    </ClInclude>
    <ClInclude Include="..\..\gui\include\gui\tip_4_screen\TIP_4Presenter.hpp">
      <Filter>Header Files\gui\tip_4_screen</Filter>
    </ClInclude>
    <ClInclude Include="..\..\gui\include\gui\tip_4_screen\TIP_4View.hpp">
      <Filter>Header Files\gui\tip_4_screen</Filter>
    </ClInclude>
    <ClInclude Include="..\..\generated\gui_generated\include\gui_generated\tip_4_screen\TIP_4ViewBase.hpp">
      <Filter>Header Files\generated\gui_generated\tip_4_screen</Filter>
    </ClInclude>
    <ClInclude Include="..\..\gui\include\gui\offsets_screen\OFFSETSPresenter.hpp">
      <Filter>Header Files\gui\offsets_screen</Filter>
    </ClInclude>
    <ClInclude Include="..\..\gui\include\gui\offsets_screen\OFFSETSView.hpp">
      <Filter>Header Files\gui\offsets_screen</Filter>
    </ClInclude>
    <ClInclude Include="..\..\generated\gui_generated\include\gui_generated\offsets_screen\OFFSETSViewBase.hpp">
      <Filter>Header Files\generated\gui_generated\offsets_screen</Filter>
    </ClInclude>
  </ItemGroup>
  <ItemGroup>
    <ResourceCompile Include="$(ApplicationRoot)\generated\simulator\touchgfx.rc">
      <Filter>Resource Files</Filter>
    </ResourceCompile>
  </ItemGroup>
</Project>
